{
    "_readme": [
        "This file locks the dependencies of your project to a known state",
        "Read more about it at https://getcomposer.org/doc/01-basic-usage.md#composer-lock-the-lock-file",
        "This file is @generated automatically"
    ],
    "content-hash": "3f905a728386fb796fce6d1437e361da",
    "packages": [
        {
            "name": "liquid/liquid",
            "version": "1.2",
            "source": {
                "type": "git",
                "url": "https://github.com/kalimatas/php-liquid.git",
                "reference": "336b816ccaaacedf7347cbfe3889f146d8f67dae"
            },
            "dist": {
                "type": "zip",
                "url": "https://api.github.com/repos/kalimatas/php-liquid/zipball/336b816ccaaacedf7347cbfe3889f146d8f67dae",
                "reference": "336b816ccaaacedf7347cbfe3889f146d8f67dae",
                "shasum": ""
            },
            "require": {
                "php": ">= 5.3"
            },
            "require-dev": {
                "phpunit/phpunit": "*"
            },
            "type": "library",
            "autoload": {
                "psr-4": {
                    "Liquid\\": "src/Liquid"
                }
            },
            "notification-url": "https://packagist.org/downloads/",
            "license": [
                "MIT"
            ],
            "authors": [
                {
                    "name": "Guz Alexander",
                    "email": "kalimatas@gmail.com",
                    "homepage": "http://guzalexander.com"
                },
                {
                    "name": "Harald Hanek"
                },
                {
                    "name": "Mateo Murphy"
                }
            ],
            "description": "Liquid template engine for PHP",
            "homepage": "https://github.com/kalimatas/php-liquid",
            "keywords": [
                "liquid",
                "template"
            ],
            "time": "2016-06-11T12:51:15+00:00"
        },
        {
            "name": "mustangostang/spyc",
            "version": "0.6.2",
            "source": {
                "type": "git",
                "url": "https://github.com/mustangostang/spyc.git",
                "reference": "23c35ae854d835f2d7bcc3e3ad743d7e57a8c14d"
            },
            "dist": {
                "type": "zip",
                "url": "https://api.github.com/repos/mustangostang/spyc/zipball/23c35ae854d835f2d7bcc3e3ad743d7e57a8c14d",
                "reference": "23c35ae854d835f2d7bcc3e3ad743d7e57a8c14d",
                "shasum": ""
            },
            "require": {
                "php": ">=5.3.1"
            },
            "require-dev": {
                "phpunit/phpunit": "4.3.*@dev"
            },
            "type": "library",
            "extra": {
                "branch-alias": {
                    "dev-master": "0.5.x-dev"
                }
            },
            "autoload": {
                "files": [
                    "Spyc.php"
                ]
            },
            "notification-url": "https://packagist.org/downloads/",
            "license": [
                "MIT"
            ],
            "authors": [
                {
                    "name": "mustangostang",
                    "email": "vlad.andersen@gmail.com"
                }
            ],
            "description": "A simple YAML loader/dumper class for PHP",
            "homepage": "https://github.com/mustangostang/spyc/",
            "keywords": [
                "spyc",
                "yaml",
                "yml"
            ],
            "time": "2017-02-24T16:06:33+00:00"
        },
        {
            "name": "uconn/banner",
            "version": "dev-develop",
            "source": {
                "type": "git",
                "url": "https://github.com/uconn/banner.git",
                "reference": "e2626a23fff3076981616c28fc33f96793a9ea04"
            },
            "dist": {
                "type": "zip",
                "url": "https://api.github.com/repos/uconn/banner/zipball/e2626a23fff3076981616c28fc33f96793a9ea04",
                "reference": "e2626a23fff3076981616c28fc33f96793a9ea04",
                "shasum": ""
            },
            "require": {
                "liquid/liquid": "1.2",
                "mustangostang/spyc": "^0.6.2"
            },
            "require-dev": {
                "phpunit/phpunit": "^6.1"
            },
            "type": "library",
            "autoload": {
                "psr-4": {
                    "UConn\\": [
                        "src/"
                    ]
                }
            },
            "notification-url": "https://packagist.org/downloads/",
            "license": [
                "MIT"
            ],
            "authors": [
                {
                    "name": "Brian Daley",
                    "email": "brian.daley@uconn.edu"
                }
            ],
            "description": "The UConn Banner - Branding for the top of your web pages.",
            "time": "2018-12-04T15:44:53+00:00"
        }
    ],
    "packages-dev": [
        {
            "name": "composer/installers",
            "version": "v1.6.0",
            "source": {
                "type": "git",
                "url": "https://github.com/composer/installers.git",
                "reference": "cfcca6b1b60bc4974324efb5783c13dca6932b5b"
            },
            "dist": {
                "type": "zip",
                "url": "https://api.github.com/repos/composer/installers/zipball/cfcca6b1b60bc4974324efb5783c13dca6932b5b",
                "reference": "cfcca6b1b60bc4974324efb5783c13dca6932b5b",
                "shasum": ""
            },
            "require": {
                "composer-plugin-api": "^1.0"
            },
            "replace": {
                "roundcube/plugin-installer": "*",
                "shama/baton": "*"
            },
            "require-dev": {
                "composer/composer": "1.0.*@dev",
                "phpunit/phpunit": "^4.8.36"
            },
            "type": "composer-plugin",
            "extra": {
                "class": "Composer\\Installers\\Plugin",
                "branch-alias": {
                    "dev-master": "1.0-dev"
                }
            },
            "autoload": {
                "psr-4": {
                    "Composer\\Installers\\": "src/Composer/Installers"
                }
            },
            "notification-url": "https://packagist.org/downloads/",
            "license": [
                "MIT"
            ],
            "authors": [
                {
                    "name": "Kyle Robinson Young",
                    "email": "kyle@dontkry.com",
                    "homepage": "https://github.com/shama"
                }
            ],
            "description": "A multi-framework Composer library installer",
            "homepage": "https://composer.github.io/installers/",
            "keywords": [
                "Craft",
                "Dolibarr",
                "Eliasis",
                "Hurad",
                "ImageCMS",
                "Kanboard",
                "Lan Management System",
                "MODX Evo",
                "Mautic",
                "Maya",
                "OXID",
                "Plentymarkets",
                "Porto",
                "RadPHP",
                "SMF",
                "Thelia",
                "WolfCMS",
                "agl",
                "aimeos",
                "annotatecms",
                "attogram",
                "bitrix",
                "cakephp",
                "chef",
                "cockpit",
                "codeigniter",
                "concrete5",
                "croogo",
                "dokuwiki",
                "drupal",
                "eZ Platform",
                "elgg",
                "expressionengine",
                "fuelphp",
                "grav",
                "installer",
                "itop",
                "joomla",
                "kohana",
                "laravel",
                "lavalite",
                "lithium",
                "magento",
                "majima",
                "mako",
                "mediawiki",
                "modulework",
                "modx",
                "moodle",
                "osclass",
                "phpbb",
                "piwik",
                "ppi",
                "puppet",
                "pxcms",
                "reindex",
                "roundcube",
                "shopware",
                "silverstripe",
                "sydes",
                "symfony",
                "typo3",
                "wordpress",
                "yawik",
                "zend",
                "zikula"
            ],
            "time": "2018-08-27T06:10:37+00:00"
        },
        {
            "name": "johnpbloch/wordpress",
            "version": "4.9.8",
            "source": {
                "type": "git",
                "url": "https://github.com/johnpbloch/wordpress.git",
                "reference": "de02cd79a41e06f36558040724414197cb7f6246"
            },
            "dist": {
                "type": "zip",
                "url": "https://api.github.com/repos/johnpbloch/wordpress/zipball/de02cd79a41e06f36558040724414197cb7f6246",
                "reference": "de02cd79a41e06f36558040724414197cb7f6246",
                "shasum": ""
            },
            "require": {
                "johnpbloch/wordpress-core": "4.9.8",
                "johnpbloch/wordpress-core-installer": "^1.0",
                "php": ">=5.3.2"
            },
            "type": "package",
            "notification-url": "https://packagist.org/downloads/",
            "license": [
                "GPL-2.0+"
            ],
            "authors": [
                {
                    "name": "WordPress Community",
                    "homepage": "http://wordpress.org/about/"
                }
            ],
            "description": "WordPress is web software you can use to create a beautiful website or blog.",
            "homepage": "http://wordpress.org/",
            "keywords": [
                "blog",
                "cms",
                "wordpress"
            ],
            "time": "2018-08-02T21:48:39+00:00"
        },
        {
            "name": "johnpbloch/wordpress-core",
            "version": "4.9.8",
            "source": {
                "type": "git",
                "url": "https://github.com/johnpbloch/wordpress-core.git",
                "reference": "50323f9b91d7689d615b4af02caf9d80584b1cfc"
            },
            "dist": {
                "type": "zip",
                "url": "https://api.github.com/repos/johnpbloch/wordpress-core/zipball/50323f9b91d7689d615b4af02caf9d80584b1cfc",
                "reference": "50323f9b91d7689d615b4af02caf9d80584b1cfc",
                "shasum": ""
            },
            "require": {
                "php": ">=5.3.2"
            },
            "provide": {
                "wordpress/core-implementation": "4.9.8"
            },
            "type": "wordpress-core",
            "notification-url": "https://packagist.org/downloads/",
            "license": [
                "GPL-2.0-or-later"
            ],
            "authors": [
                {
                    "name": "WordPress Community",
                    "homepage": "http://wordpress.org/about/"
                }
            ],
            "description": "WordPress is web software you can use to create a beautiful website or blog.",
            "homepage": "http://wordpress.org/",
            "keywords": [
                "blog",
                "cms",
                "wordpress"
            ],
            "time": "2018-08-02T21:48:32+00:00"
        },
        {
            "name": "johnpbloch/wordpress-core-installer",
            "version": "1.0.2",
            "source": {
                "type": "git",
                "url": "https://github.com/johnpbloch/wordpress-core-installer.git",
                "reference": "fd12f5cfe27223b92b0f4bbc097059eb23cc56c4"
            },
            "dist": {
                "type": "zip",
                "url": "https://api.github.com/repos/johnpbloch/wordpress-core-installer/zipball/fd12f5cfe27223b92b0f4bbc097059eb23cc56c4",
                "reference": "fd12f5cfe27223b92b0f4bbc097059eb23cc56c4",
                "shasum": ""
            },
            "require": {
                "composer-plugin-api": "^1.0"
            },
            "conflict": {
                "composer/installers": "<1.0.6"
            },
            "require-dev": {
                "composer/composer": "^1.0",
                "phpunit/phpunit": ">=4.8.35"
            },
            "type": "composer-plugin",
            "extra": {
                "class": "johnpbloch\\Composer\\WordPressCorePlugin"
            },
            "autoload": {
                "psr-0": {
                    "johnpbloch\\Composer\\": "src/"
                }
            },
            "notification-url": "https://packagist.org/downloads/",
            "license": [
                "GPL-2.0-or-later"
            ],
            "authors": [
                {
                    "name": "John P. Bloch",
                    "email": "me@johnpbloch.com"
                }
            ],
            "description": "A custom installer to handle deploying WordPress with composer",
            "keywords": [
                "wordpress"
            ],
            "time": "2018-11-09T20:10:38+00:00"
        },
        {
            "name": "leafo/scssphp",
            "version": "v0.4.0",
            "source": {
                "type": "git",
                "url": "https://github.com/leafo/scssphp.git",
                "reference": "78a6f27aa4eaf70bb3ff4d13b639bab71fdaf47a"
            },
            "dist": {
                "type": "zip",
                "url": "https://api.github.com/repos/leafo/scssphp/zipball/78a6f27aa4eaf70bb3ff4d13b639bab71fdaf47a",
                "reference": "78a6f27aa4eaf70bb3ff4d13b639bab71fdaf47a",
                "shasum": ""
            },
            "require": {
                "php": ">=5.3.0"
            },
            "require-dev": {
                "kherge/box": "~2.5",
                "phpunit/phpunit": "~3.7",
                "squizlabs/php_codesniffer": "~2.3"
            },
            "bin": [
                "bin/pscss"
            ],
            "type": "library",
            "autoload": {
                "classmap": [
                    "classmap.php"
                ],
                "psr-4": {
                    "Leafo\\ScssPhp\\": "src/"
                }
            },
            "notification-url": "https://packagist.org/downloads/",
            "license": [
                "MIT"
            ],
            "authors": [
                {
                    "name": "Leaf Corcoran",
                    "email": "leafot@gmail.com",
                    "homepage": "http://leafo.net"
                }
            ],
            "description": "scssphp is a compiler for SCSS written in PHP.",
            "homepage": "http://leafo.github.io/scssphp/",
            "keywords": [
                "css",
                "less",
                "sass",
                "scss",
                "stylesheet"
            ],
            "time": "2015-11-09T14:44:09+00:00"
        },
        {
            "name": "ucomm/bb-theme",
            "version": "dev-master",
            "source": {
                "type": "git",
                "url": "git@bitbucket.org:ucomm/bb-theme.git",
                "reference": "37832deda96c9260d5261cffdc83cdb3b0ffc369"
            },
            "archive": {
                "exclude": [
                    ".*",
                    "*.yml",
                    "*.lock",
                    "!.gitignore",
                    "!vendor/*",
                    "node_modules/",
                    "www/"
                ]
            },
            "require-dev": {
                "composer/installers": "~1.0",
                "johnpbloch/wordpress": "dev-master",
                "ucomm/napier": "*",
                "ucomm/uconn-today-plugin": "~1.0",
                "wpackagist-plugin/advanced-custom-fields": "*",
                "wpackagist-plugin/wordpress-seo": "*",
                "wpackagist-theme/twentyseventeen": "1"
            },
            "type": "wordpress-theme",
            "extra": {
                "installer-paths": {
                    "./www/content/plugins/{$name}": [
                        "type:wordpress-plugin"
                    ],
                    "./www/content/themes/{$name}": [
                        "type:wordpress-theme"
                    ]
                },
                "wordpress-install-dir": "./www/wordpress"
            },
            "scripts": {
                "run-builds": [
                    "find . -maxdepth 1 -type d \\( ! -name . \\) -exec bash -c \"cd '{}' && pwd\" \\;"
                ],
                "post-install-cmd": [
                    "cd www/content/plugins && find . -maxdepth 1 -type d \\( ! -name . \\) -exec bash -c \"cd '{}' && composer run-script build\" \\;",
                    "cd www/content/themes  && find . -maxdepth 1 -type d \\( ! -name . \\) -exec bash -c \"cd '{}' && composer run-script build\" \\;"
                ]
            },
            "authors": [
                {
                    "name": "Brian Kelleher",
                    "email": "bk@uconn.edu"
                }
            ],
            "description": "The beaver builder theme, intended to make child-themes from.",
            "time": "2017-09-14T19:40:36+00:00"
        },
        {
            "name": "ucomm/napier",
            "version": "dev-master",
            "source": {
                "type": "git",
                "url": "https://bitbucket.org/ucomm/napier.git",
                "reference": "7eb09e68c2dc9b7db5d0256953c804e006fecbac"
            },
            "dist": {
                "type": "zip",
                "url": "https://bitbucket.org/ucomm/napier/get/7eb09e68c2dc9b7db5d0256953c804e006fecbac.zip",
                "reference": "7eb09e68c2dc9b7db5d0256953c804e006fecbac",
                "shasum": ""
            },
            "archive": {
                "exclude": [
                    ".*",
                    "*.yml",
                    "*.lock",
                    "!.gitignore",
                    "!vendor/*",
                    "node_modules/",
                    "www/"
                ]
            },
            "require": {
                "uconn/banner": "dev-develop"
            },
            "require-dev": {
                "composer/installers": "~1.0",
                "johnpbloch/wordpress": "@stable",
                "wpackagist-plugin/titan-framework": "dev-trunk",
                "wpackagist-plugin/wordpress-importer": "*",
                "wpackagist-theme/twentyseventeen": "1"
            },
            "type": "wordpress-theme",
            "extra": {
                "installer-paths": {
                    "./www/content/plugins/{$name}": [
                        "type:wordpress-plugin"
                    ],
                    "./www/content/themes/{$name}": [
                        "type:wordpress-theme"
                    ]
                },
                "wordpress-install-dir": "./www/wordpress"
            },
            "scripts": {
                "build": [
                    "yarn install",
                    "gulp build"
                ],
                "run-builds": [
                    "find . -maxdepth 1 -type d \\( ! -name . \\) -exec bash -c \"cd '{}' && pwd\" \\;"
                ],
                "post-update-cmd": [
                    "cd www/content/plugins && find . -maxdepth 1 -type d \\( ! -name . \\) -exec bash -c \"cd '{}' && composer run-script build\" \\;",
                    "cd www/content/themes  && find . -maxdepth 1 -type d \\( ! -name . \\) -exec bash -c \"cd '{}' && composer run-script build\" \\;"
                ]
            },
            "license": [
                "MIT"
            ],
            "authors": [
                {
                    "name": "Brian Daley",
                    "email": "brian.daley@uconn.edu"
                }
            ],
            "description": "A WordPress theme for UConn sites that aren't hosted on Aurora",
            "homepage": "https://bitbucket.org/ucomm/napier",
            "support": {
                "source": "https://bitbucket.org/ucomm/napier/src/7eb09e68c2dc9b7db5d0256953c804e006fecbac/?at=1.0.8",
                "issues": "https://bitbucket.org/ucomm/napier/issues"
            },
            "time": "2018-06-01T14:18:20+00:00"
        },
        {
            "name": "ucomm/uconn-health-clinical",
            "version": "dev-master",
            "source": {
                "type": "git",
                "url": "git@bitbucket.org:ucomm/uconn-health-clinical.git",
                "reference": "2ddc31c1ee6625fa1b8ed397438762712fb60bf9"
            },
            "archive": {
                "exclude": [
                    ".*",
                    "*.yml",
                    "*.lock",
                    "!.gitignore",
                    "!vendor/*",
                    "node_modules/",
                    "www/"
                ]
            },
            "require": {
                "leafo/scssphp": "0.4.0"
            },
            "require-dev": {
                "composer/installers": "~1.0",
                "johnpbloch/wordpress": "@stable",
                "ucomm/bb-plugin": "*",
                "ucomm/bb-theme": "*",
                "ucomm/castor": "*",
                "ucomm/shiftnav-responsive-mobile-menu": "dev-master",
                "ucomm/uc-dailydigest-widget": "*",
                "ucomm/uconn-today-plugin": "~1.0",
                "ucomm/uh-directory-plugin": "^1.1",
                "ucomm/uh-find-provider": "dev-master",
                "wpackagist-plugin/advanced-custom-fields": "*",
                "wpackagist-plugin/wordpress-importer": "dev-trunk",
                "wpackagist-plugin/wordpress-seo": "*",
                "wpackagist-theme/twentyseventeen": "1"
            },
            "type": "wordpress-theme",
            "extra": {
                "installer-paths": {
                    "./www/content/plugins/{$name}": [
                        "type:wordpress-plugin"
                    ],
                    "./www/content/themes/{$name}": [
                        "type:wordpress-theme"
                    ]
                },
                "wordpress-install-dir": "./www/wordpress"
            },
            "scripts": {
                "run-builds": [
                    "find . -maxdepth 1 -type d \\( ! -name . \\) -exec bash -c \"cd '{}' && pwd\" \\;"
                ],
                "build": [
                    "yarn cache dir",
                    "yarn cache list --pattern customizr",
                    "yarn install",
                    "gulp build",
                    "composer update --no-dev"
                ],
                "post-install-cmd": [
                    "cd www/content/plugins && find . -maxdepth 1 -type d \\( ! -name . \\) -exec bash -c \"cd '{}' && composer run-script build\" \\;",
                    "cd www/content/themes  && find . -maxdepth 1 -type d \\( ! -name . \\) -exec bash -c \"cd '{}' && composer run-script build\" \\;"
                ]
            },
            "authors": [
                {
                    "name": "Brian Daley",
                    "email": "brian@uconn.edu"
                },
                {
                    "name": "Brian Kelleher",
                    "email": "bk@uconn.edu"
                },
                {
                    "name": "Adam Berkowitz",
                    "email": "adam.berkowitz@uconn.edu"
                }
            ],
            "description": "A beaver builder child theme for uconn health and the clinical websites",
            "time": "2018-09-13T18:34:28+00:00"
        },
        {
            "name": "wpackagist-theme/twentyseventeen",
            "version": "1.0",
            "source": {
                "type": "svn",
                "url": "https://themes.svn.wordpress.org/twentyseventeen/",
                "reference": "1.0"
            },
            "dist": {
                "type": "zip",
                "url": "https://downloads.wordpress.org/theme/twentyseventeen.1.0.zip",
                "reference": null,
                "shasum": null
            },
            "require": {
                "composer/installers": "~1.0"
            },
            "type": "wordpress-theme",
            "homepage": "https://wordpress.org/themes/twentyseventeen/"
        }
    ],
    "aliases": [],
    "minimum-stability": "dev",
    "stability-flags": {
        "uconn/banner": 20,
        "johnpbloch/wordpress": 0
    },
    "prefer-stable": false,
    "prefer-lowest": false,
    "platform": [],
    "platform-dev": []
}
